
Microsoft Visual Studio Solution File, Format Version 12.00
# Visual Studio Version 17
VisualStudioVersion = 17.14.36811.4 d17.14
MinimumVisualStudioVersion = 10.0.40219.1
Project("{FAE04EC0-301F-11D3-BF4B-00C04F79EFBC}") = "InfoCcare", "InfoCcare.csproj", "{D8EAA341-9CF6-41DB-8763-17BBF6171405}"
EndProject
Global
	GlobalSection(SolutionConfigurationPlatforms) = preSolution
		Debug|Any CPU = Debug|Any CPU
		Release|Any CPU = Release|Any CPU
	EndGlobalSection
	GlobalSection(ProjectConfigurationPlatforms) = postSolution
		{D8EAA341-9CF6-41DB-8763-17BBF6171405}.Debug|Any CPU.ActiveCfg = Debug|Any CPU
		{D8EAA341-9CF6-41DB-8763-17BBF6171405}.Debug|Any CPU.Build.0 = Debug|Any CPU
		{D8EAA341-9CF6-41DB-8763-17BBF6171405}.Release|Any CPU.ActiveCfg = Release|Any CPU
		{D8EAA341-9CF6-41DB-8763-17BBF6171405}.Release|Any CPU.Build.0 = Release|Any CPU
	EndGlobalSection
	GlobalSection(SolutionProperties) = preSolution
		HideSolutionNode = FALSE
	EndGlobalSection
	GlobalSection(ExtensibilityGlobals) = postSolution
		SolutionGuid = {DA9C006B-74BB-4C1C-8C57-58870E716BE1}
	EndGlobalSection
EndGlobal
